
Microsoft Visual Studio Solution File, Format Version 12.00
# Visual Studio Version 16
VisualStudioVersion = 16.0.32407.337
MinimumVisualStudioVersion = 10.0.40219.1
Project("{9A19103F-16F7-4668-BE54-9A1E7A4F7556}") = "Build", "Build\Build.csproj", "{55CFB50E-7F4F-4A80-8D6A-A5F01A621F86}"
EndProject
Project("{2150E333-8FDC-42A3-9474-1A3956D46DE8}") = "Solution", "Solution", "{B72DF45D-2EDD-47D4-B8FB-EC8F7C44122F}"
	ProjectSection(SolutionItems) = preProject
		CHANGELOG.md = CHANGELOG.md
		LICENSE = LICENSE
		README.md = README.md
	EndProjectSection
EndProject
Project("{9A19103F-16F7-4668-BE54-9A1E7A4F7556}") = "FirebaseFunctions", "FirebaseFunctions\FirebaseFunctions.csproj", "{6DD74C5D-B070-467F-ADAE-4F36EDD6127D}"
EndProject
Project("{9A19103F-16F7-4668-BE54-9A1E7A4F7556}") = "FirebaseFunctions.Example", "FirebaseFunctions.Example\FirebaseFunctions.Example.csproj", "{8BE8AA4D-BAD6-4F74-80C5-2E5BC82D0C5E}"
EndProject
Global
	GlobalSection(SolutionConfigurationPlatforms) = preSolution
		Debug|Any CPU = Debug|Any CPU
		Release|Any CPU = Release|Any CPU
	EndGlobalSection
	GlobalSection(ProjectConfigurationPlatforms) = postSolution
		{55CFB50E-7F4F-4A80-8D6A-A5F01A621F86}.Debug|Any CPU.ActiveCfg = Debug|Any CPU
		{55CFB50E-7F4F-4A80-8D6A-A5F01A621F86}.Debug|Any CPU.Build.0 = Debug|Any CPU
		{55CFB50E-7F4F-4A80-8D6A-A5F01A621F86}.Release|Any CPU.ActiveCfg = Release|Any CPU
		{55CFB50E-7F4F-4A80-8D6A-A5F01A621F86}.Release|Any CPU.Build.0 = Release|Any CPU
		{6DD74C5D-B070-467F-ADAE-4F36EDD6127D}.Debug|Any CPU.ActiveCfg = Debug|Any CPU
		{6DD74C5D-B070-467F-ADAE-4F36EDD6127D}.Debug|Any CPU.Build.0 = Debug|Any CPU
		{6DD74C5D-B070-467F-ADAE-4F36EDD6127D}.Release|Any CPU.ActiveCfg = Release|Any CPU
		{6DD74C5D-B070-467F-ADAE-4F36EDD6127D}.Release|Any CPU.Build.0 = Release|Any CPU
		{8BE8AA4D-BAD6-4F74-80C5-2E5BC82D0C5E}.Debug|Any CPU.ActiveCfg = Debug|Any CPU
		{8BE8AA4D-BAD6-4F74-80C5-2E5BC82D0C5E}.Debug|Any CPU.Build.0 = Debug|Any CPU
		{8BE8AA4D-BAD6-4F74-80C5-2E5BC82D0C5E}.Release|Any CPU.ActiveCfg = Release|Any CPU
		{8BE8AA4D-BAD6-4F74-80C5-2E5BC82D0C5E}.Release|Any CPU.Build.0 = Release|Any CPU
	EndGlobalSection
	GlobalSection(SolutionProperties) = preSolution
		HideSolutionNode = FALSE
	EndGlobalSection
	GlobalSection(ExtensibilityGlobals) = postSolution
		SolutionGuid = {3988B722-588D-445C-B86C-D6FA7B568F41}
	EndGlobalSection
EndGlobal
